{
  "name": "@cosmwasm4as/std",
  "version": "0.0.1",
  "lockfileVersion": 3,
  "requires": true,
  "packages": {
    "": {
      "name": "@cosmwasm4as/std",
      "version": "0.0.1",
      "license": "Apache-2.0",
      "devDependencies": {
        "assemblyscript": "^0.27.9",
        "json-as": "^0.5.61"
      }
    },
    "node_modules/as-string-sink": {
      "version": "0.5.3",
      "resolved": "https://registry.npmjs.org/as-string-sink/-/as-string-sink-0.5.3.tgz",
      "integrity": "sha512-DN/QqfptDhi4FaBqehMN9wH5Dl/PcTSfCfzSmcdtf3OVYYIEip5iyVUcS6t40BAP/OoUwtxCCbD/dlr2kVG+3Q==",
      "dev": true
    },
    "node_modules/as-variant": {
      "version": "0.4.1",
      "resolved": "https://registry.npmjs.org/as-variant/-/as-variant-0.4.1.tgz",
      "integrity": "sha512-NCeerOfp1JRXRcT4WCqOBANPoDTE2zqS4eN+jPtdyNWJybUgG/rX9ugUxICkSQZzCfnG84zzxr3osQbjAkyiww==",
      "dev": true
    },
    "node_modules/as-virtual": {
      "version": "0.1.9",
      "resolved": "https://registry.npmjs.org/as-virtual/-/as-virtual-0.1.9.tgz",
      "integrity": "sha512-R1nR7TT0KcROL/TxSXmiX2Q+7CgUMrjT/y9IP07StStqWs32KT2mpadJNF//yHWRaIJWe6atqTqO0JzsdhkPcQ==",
      "dev": true
    },
    "node_modules/assemblyscript": {
      "version": "0.27.9",
      "resolved": "https://registry.npmjs.org/assemblyscript/-/assemblyscript-0.27.9.tgz",
      "integrity": "sha512-cFE/AMjVtBQ2iKFZPu/a3Z/KJzGex61C+X+y3GuLJ8Hr9Zdf46sy/JlIl6ikothQd2umM9CQDAD/uAPAEHL+oA==",
      "dev": true,
      "dependencies": {
        "binaryen": "112.0.0-nightly.20230411",
        "long": "^5.2.1"
      },
      "bin": {
        "asc": "bin/asc.js",
        "asinit": "bin/asinit.js"
      },
      "engines": {
        "node": ">=16",
        "npm": ">=7"
      },
      "funding": {
        "type": "opencollective",
        "url": "https://opencollective.com/assemblyscript"
      }
    },
    "node_modules/binaryen": {
      "version": "112.0.0-nightly.20230411",
      "resolved": "https://registry.npmjs.org/binaryen/-/binaryen-112.0.0-nightly.20230411.tgz",
      "integrity": "sha512-4V9r9x9fjAVFZdR2yvBFc3BEJJIBYvd2X8X8k0zAuJsao2gl9wNHDmpQ30QsLo6hgkRfRImkCbCjhXW3RDOYXQ==",
      "dev": true,
      "bin": {
        "wasm-opt": "bin/wasm-opt",
        "wasm2js": "bin/wasm2js"
      }
    },
    "node_modules/json-as": {
      "version": "0.5.61",
      "resolved": "https://registry.npmjs.org/json-as/-/json-as-0.5.61.tgz",
      "integrity": "sha512-lja8gGwovsf3ybZu4JkIkB21rLLr2t6bTiL1RhzHI4sgthyrW7lfAqaM/IudZBQnI1DD7/5adnKWtCD2xAGvLQ==",
      "dev": true,
      "dependencies": {
        "as-string-sink": "^0.5.3",
        "as-variant": "^0.4.1",
        "as-virtual": "^0.1.9"
      }
    },
    "node_modules/long": {
      "version": "5.2.3",
      "dev": true,
      "license": "Apache-2.0"
    }
  }
}
